
Microsoft Visual Studio Solution File, Format Version 12.00
# Visual Studio Version 16
VisualStudioVersion = 16.0.31624.102
MinimumVisualStudioVersion = 10.0.40219.1
Project("{FAE04EC0-301F-11D3-BF4B-00C04F79EFBC}") = "Laboratorio12", "Laboratorio12.csproj", "{043BAEB3-6BED-44D8-8AD8-DC04AC9BEF25}"
EndProject
Global
	GlobalSection(SolutionConfigurationPlatforms) = preSolution
		Debug|Any CPU = Debug|Any CPU
		Release|Any CPU = Release|Any CPU
	EndGlobalSection
	GlobalSection(ProjectConfigurationPlatforms) = postSolution
		{043BAEB3-6BED-44D8-8AD8-DC04AC9BEF25}.Debug|Any CPU.ActiveCfg = Debug|Any CPU
		{043BAEB3-6BED-44D8-8AD8-DC04AC9BEF25}.Debug|Any CPU.Build.0 = Debug|Any CPU
		{043BAEB3-6BED-44D8-8AD8-DC04AC9BEF25}.Release|Any CPU.ActiveCfg = Release|Any CPU
		{043BAEB3-6BED-44D8-8AD8-DC04AC9BEF25}.Release|Any CPU.Build.0 = Release|Any CPU
	EndGlobalSection
	GlobalSection(SolutionProperties) = preSolution
		HideSolutionNode = FALSE
	EndGlobalSection
	GlobalSection(ExtensibilityGlobals) = postSolution
		SolutionGuid = {809974CE-1C15-44ED-86C7-C154D718C479}
	EndGlobalSection
EndGlobal
